// !$*UTF8*$!
{
	archiveVersion = 1;
	classes = {
	};
	objectVersion = 46;
	objects = {

/* Begin PBXBuildFile section */
		EFC3CB6618D2C2B50083ED73 /* Foundation.framework in Frameworks */ = {isa = PBXBuildFile; fileRef = EFC3CB6518D2C2B50083ED73 /* Foundation.framework */; };
		EFC3CB6818D2C2B50083ED73 /* CoreGraphics.framework in Frameworks */ = {isa = PBXBuildFile; fileRef = EFC3CB6718D2C2B50083ED73 /* CoreGraphics.framework */; };
		EFC3CB6A18D2C2B50083ED73 /* UIKit.framework in Frameworks */ = {isa = PBXBuildFile; fileRef = EFC3CB6918D2C2B50083ED73 /* UIKit.framework */; };
		EFC3CB7018D2C2B50083ED73 /* InfoPlist.strings in Resources */ = {isa = PBXBuildFile; fileRef = EFC3CB6E18D2C2B50083ED73 /* InfoPlist.strings */; };
		EFC3CB7218D2C2B50083ED73 /* main.m in Sources */ = {isa = PBXBuildFile; fileRef = EFC3CB7118D2C2B50083ED73 /* main.m */; };
		EFC3CB7618D2C2B50083ED73 /* NGAppDelegate.m in Sources */ = {isa = PBXBuildFile; fileRef = EFC3CB7518D2C2B50083ED73 /* NGAppDelegate.m */; };
		EFC3CB7918D2C2B50083ED73 /* Main.storyboard in Resources */ = {isa = PBXBuildFile; fileRef = EFC3CB7718D2C2B50083ED73 /* Main.storyboard */; };
		EFC3CB7C18D2C2B50083ED73 /* NGViewController.m in Sources */ = {isa = PBXBuildFile; fileRef = EFC3CB7B18D2C2B50083ED73 /* NGViewController.m */; };
		EFC3CB7E18D2C2B50083ED73 /* Images.xcassets in Resources */ = {isa = PBXBuildFile; fileRef = EFC3CB7D18D2C2B50083ED73 /* Images.xcassets */; };
		EFC3CB8518D2C2B50083ED73 /* XCTest.framework in Frameworks */ = {isa = PBXBuildFile; fileRef = EFC3CB8418D2C2B50083ED73 /* XCTest.framework */; };
		EFC3CB8618D2C2B50083ED73 /* Foundation.framework in Frameworks */ = {isa = PBXBuildFile; fileRef = EFC3CB6518D2C2B50083ED73 /* Foundation.framework */; };
		EFC3CB8718D2C2B50083ED73 /* UIKit.framework in Frameworks */ = {isa = PBXBuildFile; fileRef = EFC3CB6918D2C2B50083ED73 /* UIKit.framework */; };
		EFC3CB8F18D2C2B50083ED73 /* InfoPlist.strings in Resources */ = {isa = PBXBuildFile; fileRef = EFC3CB8D18D2C2B50083ED73 /* InfoPlist.strings */; };
		EFC3CB9118D2C2B50083ED73 /* NameGeneratorTests.m in Sources */ = {isa = PBXBuildFile; fileRef = EFC3CB9018D2C2B50083ED73 /* NameGeneratorTests.m */; };
		EFC3CB9D18D2C3B70083ED73 /* iCarousel.m in Sources */ = {isa = PBXBuildFile; fileRef = EFC3CB9C18D2C3B70083ED73 /* iCarousel.m */; };
/* End PBXBuildFile section */

/* Begin PBXContainerItemProxy section */
		EFC3CB8818D2C2B50083ED73 /* PBXContainerItemProxy */ = {
			isa = PBXContainerItemProxy;
			containerPortal = EFC3CB5A18D2C2B50083ED73 /* Project object */;
			proxyType = 1;
			remoteGlobalIDString = EFC3CB6118D2C2B50083ED73;
			remoteInfo = NameGenerator;
		};
/* End PBXContainerItemProxy section */

/* Begin PBXFileReference section */
		EFC3CB6218D2C2B50083ED73 /* NameGenerator.app */ = {isa = PBXFileReference; explicitFileType = wrapper.application; includeInIndex = 0; path = NameGenerator.app; sourceTree = BUILT_PRODUCTS_DIR; };
		EFC3CB6518D2C2B50083ED73 /* Foundation.framework */ = {isa = PBXFileReference; lastKnownFileType = wrapper.framework; name = Foundation.framework; path = System/Library/Frameworks/Foundation.framework; sourceTree = SDKROOT; };
		EFC3CB6718D2C2B50083ED73 /* CoreGraphics.framework */ = {isa = PBXFileReference; lastKnownFileType = wrapper.framework; name = CoreGraphics.framework; path = System/Library/Frameworks/CoreGraphics.framework; sourceTree = SDKROOT; };
		EFC3CB6918D2C2B50083ED73 /* UIKit.framework */ = {isa = PBXFileReference; lastKnownFileType = wrapper.framework; name = UIKit.framework; path = System/Library/Frameworks/UIKit.framework; sourceTree = SDKROOT; };
		EFC3CB6D18D2C2B50083ED73 /* NameGenerator-Info.plist */ = {isa = PBXFileReference; lastKnownFileType = text.plist.xml; path = "NameGenerator-Info.plist"; sourceTree = "<group>"; };
		EFC3CB6F18D2C2B50083ED73 /* en */ = {isa = PBXFileReference; lastKnownFileType = text.plist.strings; name = en; path = en.lproj/InfoPlist.strings; sourceTree = "<group>"; };
		EFC3CB7118D2C2B50083ED73 /* main.m */ = {isa = PBXFileReference; lastKnownFileType = sourcecode.c.objc; path = main.m; sourceTree = "<group>"; };
		EFC3CB7318D2C2B50083ED73 /* NameGenerator-Prefix.pch */ = {isa = PBXFileReference; lastKnownFileType = sourcecode.c.h; path = "NameGenerator-Prefix.pch"; sourceTree = "<group>"; };
		EFC3CB7418D2C2B50083ED73 /* NGAppDelegate.h */ = {isa = PBXFileReference; lastKnownFileType = sourcecode.c.h; path = NGAppDelegate.h; sourceTree = "<group>"; };
		EFC3CB7518D2C2B50083ED73 /* NGAppDelegate.m */ = {isa = PBXFileReference; lastKnownFileType = sourcecode.c.objc; path = NGAppDelegate.m; sourceTree = "<group>"; };
		EFC3CB7818D2C2B50083ED73 /* Base */ = {isa = PBXFileReference; lastKnownFileType = file.storyboard; name = Base; path = Base.lproj/Main.storyboard; sourceTree = "<group>"; };
		EFC3CB7A18D2C2B50083ED73 /* NGViewController.h */ = {isa = PBXFileReference; lastKnownFileType = sourcecode.c.h; path = NGViewController.h; sourceTree = "<group>"; };
		EFC3CB7B18D2C2B50083ED73 /* NGViewController.m */ = {isa = PBXFileReference; lastKnownFileType = sourcecode.c.objc; path = NGViewController.m; sourceTree = "<group>"; };
		EFC3CB7D18D2C2B50083ED73 /* Images.xcassets */ = {isa = PBXFileReference; lastKnownFileType = folder.assetcatalog; path = Images.xcassets; sourceTree = "<group>"; };
		EFC3CB8318D2C2B50083ED73 /* NameGeneratorTests.xctest */ = {isa = PBXFileReference; explicitFileType = wrapper.cfbundle; includeInIndex = 0; path = NameGeneratorTests.xctest; sourceTree = BUILT_PRODUCTS_DIR; };
		EFC3CB8418D2C2B50083ED73 /* XCTest.framework */ = {isa = PBXFileReference; lastKnownFileType = wrapper.framework; name = XCTest.framework; path = Library/Frameworks/XCTest.framework; sourceTree = DEVELOPER_DIR; };
		EFC3CB8C18D2C2B50083ED73 /* NameGeneratorTests-Info.plist */ = {isa = PBXFileReference; lastKnownFileType = text.plist.xml; path = "NameGeneratorTests-Info.plist"; sourceTree = "<group>"; };
		EFC3CB8E18D2C2B50083ED73 /* en */ = {isa = PBXFileReference; lastKnownFileType = text.plist.strings; name = en; path = en.lproj/InfoPlist.strings; sourceTree = "<group>"; };
		EFC3CB9018D2C2B50083ED73 /* NameGeneratorTests.m */ = {isa = PBXFileReference; lastKnownFileType = sourcecode.c.objc; path = NameGeneratorTests.m; sourceTree = "<group>"; };
		EFC3CB9B18D2C3B70083ED73 /* iCarousel.h */ = {isa = PBXFileReference; fileEncoding = 4; lastKnownFileType = sourcecode.c.h; path = iCarousel.h; sourceTree = "<group>"; };
		EFC3CB9C18D2C3B70083ED73 /* iCarousel.m */ = {isa = PBXFileReference; fileEncoding = 4; lastKnownFileType = sourcecode.c.objc; path = iCarousel.m; sourceTree = "<group>"; };
/* End PBXFileReference section */

/* Begin PBXFrameworksBuildPhase section */
		EFC3CB5F18D2C2B50083ED73 /* Frameworks */ = {
			isa = PBXFrameworksBuildPhase;
			buildActionMask = 2147483647;
			files = (
				EFC3CB6818D2C2B50083ED73 /* CoreGraphics.framework in Frameworks */,
				EFC3CB6A18D2C2B50083ED73 /* UIKit.framework in Frameworks */,
				EFC3CB6618D2C2B50083ED73 /* Foundation.framework in Frameworks */,
			);
			runOnlyForDeploymentPostprocessing = 0;
		};
		EFC3CB8018D2C2B50083ED73 /* Frameworks */ = {
			isa = PBXFrameworksBuildPhase;
			buildActionMask = 2147483647;
			files = (
				EFC3CB8518D2C2B50083ED73 /* XCTest.framework in Frameworks */,
				EFC3CB8718D2C2B50083ED73 /* UIKit.framework in Frameworks */,
				EFC3CB8618D2C2B50083ED73 /* Foundation.framework in Frameworks */,
			);
			runOnlyForDeploymentPostprocessing = 0;
		};
/* End PBXFrameworksBuildPhase section */

/* Begin PBXGroup section */
		EFC3CB5918D2C2B50083ED73 = {
			isa = PBXGroup;
			children = (
				EFC3CB6B18D2C2B50083ED73 /* NameGenerator */,
				EFC3CB8A18D2C2B50083ED73 /* NameGeneratorTests */,
				EFC3CB6418D2C2B50083ED73 /* Frameworks */,
				EFC3CB6318D2C2B50083ED73 /* Products */,
			);
			sourceTree = "<group>";
		};
		EFC3CB6318D2C2B50083ED73 /* Products */ = {
			isa = PBXGroup;
			children = (
				EFC3CB6218D2C2B50083ED73 /* NameGenerator.app */,
				EFC3CB8318D2C2B50083ED73 /* NameGeneratorTests.xctest */,
			);
			name = Products;
			sourceTree = "<group>";
		};
		EFC3CB6418D2C2B50083ED73 /* Frameworks */ = {
			isa = PBXGroup;
			children = (
				EFC3CB6518D2C2B50083ED73 /* Foundation.framework */,
				EFC3CB6718D2C2B50083ED73 /* CoreGraphics.framework */,
				EFC3CB6918D2C2B50083ED73 /* UIKit.framework */,
				EFC3CB8418D2C2B50083ED73 /* XCTest.framework */,
			);
			name = Frameworks;
			sourceTree = "<group>";
		};
		EFC3CB6B18D2C2B50083ED73 /* NameGenerator */ = {
			isa = PBXGroup;
			children = (
				EFC3CB7418D2C2B50083ED73 /* NGAppDelegate.h */,
				EFC3CB7518D2C2B50083ED73 /* NGAppDelegate.m */,
				EFC3CB7718D2C2B50083ED73 /* Main.storyboard */,
				EFC3CB7A18D2C2B50083ED73 /* NGViewController.h */,
				EFC3CB7B18D2C2B50083ED73 /* NGViewController.m */,
				EFC3CB9A18D2C3B70083ED73 /* iCarousel */,
				EFC3CB7D18D2C2B50083ED73 /* Images.xcassets */,
				EFC3CB6C18D2C2B50083ED73 /* Supporting Files */,
			);
			path = NameGenerator;
			sourceTree = "<group>";
		};
		EFC3CB6C18D2C2B50083ED73 /* Supporting Files */ = {
			isa = PBXGroup;
			children = (
				EFC3CB6D18D2C2B50083ED73 /* NameGenerator-Info.plist */,
				EFC3CB6E18D2C2B50083ED73 /* InfoPlist.strings */,
				EFC3CB7118D2C2B50083ED73 /* main.m */,
				EFC3CB7318D2C2B50083ED73 /* NameGenerator-Prefix.pch */,
			);
			name = "Supporting Files";
			sourceTree = "<group>";
		};
		EFC3CB8A18D2C2B50083ED73 /* NameGeneratorTests */ = {
			isa = PBXGroup;
			children = (
				EFC3CB9018D2C2B50083ED73 /* NameGeneratorTests.m */,
				EFC3CB8B18D2C2B50083ED73 /* Supporting Files */,
			);
			path = NameGeneratorTests;
			sourceTree = "<group>";
		};
		EFC3CB8B18D2C2B50083ED73 /* Supporting Files */ = {
			isa = PBXGroup;
			children = (
				EFC3CB8C18D2C2B50083ED73 /* NameGeneratorTests-Info.plist */,
				EFC3CB8D18D2C2B50083ED73 /* InfoPlist.strings */,
			);
			name = "Supporting Files";
			sourceTree = "<group>";
		};
		EFC3CB9A18D2C3B70083ED73 /* iCarousel */ = {
			isa = PBXGroup;
			children = (
				EFC3CB9B18D2C3B70083ED73 /* iCarousel.h */,
				EFC3CB9C18D2C3B70083ED73 /* iCarousel.m */,
			);
			path = iCarousel;
			sourceTree = "<group>";
		};
/* End PBXGroup section */

/* Begin PBXNativeTarget section */
		EFC3CB6118D2C2B50083ED73 /* NameGenerator */ = {
			isa = PBXNativeTarget;
			buildConfigurationList = EFC3CB9418D2C2B50083ED73 /* Build configuration list for PBXNativeTarget "NameGenerator" */;
			buildPhases = (
				EFC3CB5E18D2C2B50083ED73 /* Sources */,
				EFC3CB5F18D2C2B50083ED73 /* Frameworks */,
				EFC3CB6018D2C2B50083ED73 /* Resources */,
			);
			buildRules = (
			);
			dependencies = (
			);
			name = NameGenerator;
			productName = NameGenerator;
			productReference = EFC3CB6218D2C2B50083ED73 /* NameGenerator.app */;
			productType = "com.apple.product-type.application";
		};
		EFC3CB8218D2C2B50083ED73 /* NameGeneratorTests */ = {
			isa = PBXNativeTarget;
			buildConfigurationList = EFC3CB9718D2C2B50083ED73 /* Build configuration list for PBXNativeTarget "NameGeneratorTests" */;
			buildPhases = (
				EFC3CB7F18D2C2B50083ED73 /* Sources */,
				EFC3CB8018D2C2B50083ED73 /* Frameworks */,
				EFC3CB8118D2C2B50083ED73 /* Resources */,
			);
			buildRules = (
			);
			dependencies = (
				EFC3CB8918D2C2B50083ED73 /* PBXTargetDependency */,
			);
			name = NameGeneratorTests;
			productName = NameGeneratorTests;
			productReference = EFC3CB8318D2C2B50083ED73 /* NameGeneratorTests.xctest */;
			productType = "com.apple.product-type.bundle.unit-test";
		};
/* End PBXNativeTarget section */

/* Begin PBXProject section */
		EFC3CB5A18D2C2B50083ED73 /* Project object */ = {
			isa = PBXProject;
			attributes = {
				CLASSPREFIX = NG;
				LastUpgradeCheck = 0510;
				ORGANIZATIONNAME = TylerKuster;
				TargetAttributes = {
					EFC3CB8218D2C2B50083ED73 = {
						TestTargetID = EFC3CB6118D2C2B50083ED73;
					};
				};
			};
			buildConfigurationList = EFC3CB5D18D2C2B50083ED73 /* Build configuration list for PBXProject "NameGenerator" */;
			compatibilityVersion = "Xcode 3.2";
			developmentRegion = English;
			hasScannedForEncodings = 0;
			knownRegions = (
				en,
				Base,
			);
			mainGroup = EFC3CB5918D2C2B50083ED73;
			productRefGroup = EFC3CB6318D2C2B50083ED73 /* Products */;
			projectDirPath = "";
			projectRoot = "";
			targets = (
				EFC3CB6118D2C2B50083ED73 /* NameGenerator */,
				EFC3CB8218D2C2B50083ED73 /* NameGeneratorTests */,
			);
		};
/* End PBXProject section */

/* Begin PBXResourcesBuildPhase section */
		EFC3CB6018D2C2B50083ED73 /* Resources */ = {
			isa = PBXResourcesBuildPhase;
			buildActionMask = 2147483647;
			files = (
				EFC3CB7E18D2C2B50083ED73 /* Images.xcassets in Resources */,
				EFC3CB7018D2C2B50083ED73 /* InfoPlist.strings in Resources */,
				EFC3CB7918D2C2B50083ED73 /* Main.storyboard in Resources */,
			);
			runOnlyForDeploymentPostprocessing = 0;
		};
		EFC3CB8118D2C2B50083ED73 /* Resources */ = {
			isa = PBXResourcesBuildPhase;
			buildActionMask = 2147483647;
			files = (
				EFC3CB8F18D2C2B50083ED73 /* InfoPlist.strings in Resources */,
			);
			runOnlyForDeploymentPostprocessing = 0;
		};
/* End PBXResourcesBuildPhase section */

/* Begin PBXSourcesBuildPhase section */
		EFC3CB5E18D2C2B50083ED73 /* Sources */ = {
			isa = PBXSourcesBuildPhase;
			buildActionMask = 2147483647;
			files = (
				EFC3CB7C18D2C2B50083ED73 /* NGViewController.m in Sources */,
				EFC3CB9D18D2C3B70083ED73 /* iCarousel.m in Sources */,
				EFC3CB7218D2C2B50083ED73 /* main.m in Sources */,
				EFC3CB7618D2C2B50083ED73 /* NGAppDelegate.m in Sources */,
			);
			runOnlyForDeploymentPostprocessing = 0;
		};
		EFC3CB7F18D2C2B50083ED73 /* Sources */ = {
			isa = PBXSourcesBuildPhase;
			buildActionMask = 2147483647;
			files = (
				EFC3CB9118D2C2B50083ED73 /* NameGeneratorTests.m in Sources */,
			);
			runOnlyForDeploymentPostprocessing = 0;
		};
/* End PBXSourcesBuildPhase section */

/* Begin PBXTargetDependency section */
		EFC3CB8918D2C2B50083ED73 /* PBXTargetDependency */ = {
			isa = PBXTargetDependency;
			target = EFC3CB6118D2C2B50083ED73 /* NameGenerator */;
			targetProxy = EFC3CB8818D2C2B50083ED73 /* PBXContainerItemProxy */;
		};
/* End PBXTargetDependency section */

/* Begin PBXVariantGroup section */
		EFC3CB6E18D2C2B50083ED73 /* InfoPlist.strings */ = {
			isa = PBXVariantGroup;
			children = (
				EFC3CB6F18D2C2B50083ED73 /* en */,
			);
			name = InfoPlist.strings;
			sourceTree = "<group>";
		};
		EFC3CB7718D2C2B50083ED73 /* Main.storyboard */ = {
			isa = PBXVariantGroup;
			children = (
				EFC3CB7818D2C2B50083ED73 /* Base */,
			);
			name = Main.storyboard;
			sourceTree = "<group>";
		};
		EFC3CB8D18D2C2B50083ED73 /* InfoPlist.strings */ = {
			isa = PBXVariantGroup;
			children = (
				EFC3CB8E18D2C2B50083ED73 /* en */,
			);
			name = InfoPlist.strings;
			sourceTree = "<group>";
		};
/* End PBXVariantGroup section */

/* Begin XCBuildConfiguration section */
		EFC3CB9218D2C2B50083ED73 /* Debug */ = {
			isa = XCBuildConfiguration;
			buildSettings = {
				ALWAYS_SEARCH_USER_PATHS = NO;
				ARCHS = "$(ARCHS_STANDARD_INCLUDING_64_BIT)";
				CLANG_CXX_LANGUAGE_STANDARD = "gnu++0x";
				CLANG_CXX_LIBRARY = "libc++";
				CLANG_ENABLE_MODULES = YES;
				CLANG_ENABLE_OBJC_ARC = YES;
				CLANG_WARN_BOOL_CONVERSION = YES;
				CLANG_WARN_CONSTANT_CONVERSION = YES;
				CLANG_WARN_DIRECT_OBJC_ISA_USAGE = YES_ERROR;
				CLANG_WARN_EMPTY_BODY = YES;
				CLANG_WARN_ENUM_CONVERSION = YES;
				CLANG_WARN_INT_CONVERSION = YES;
				CLANG_WARN_OBJC_ROOT_CLASS = YES_ERROR;
				CLANG_WARN__DUPLICATE_METHOD_MATCH = YES;
				"CODE_SIGN_IDENTITY[sdk=iphoneos*]" = "iPhone Developer";
				COPY_PHASE_STRIP = NO;
				GCC_C_LANGUAGE_STANDARD = gnu99;
				GCC_DYNAMIC_NO_PIC = NO;
				GCC_OPTIMIZATION_LEVEL = 0;
				GCC_PREPROCESSOR_DEFINITIONS = (
					"DEBUG=1",
					"$(inherited)",
				);
				GCC_SYMBOLS_PRIVATE_EXTERN = NO;
				GCC_WARN_64_TO_32_BIT_CONVERSION = YES;
				GCC_WARN_ABOUT_RETURN_TYPE = YES_ERROR;
				GCC_WARN_UNDECLARED_SELECTOR = YES;
				GCC_WARN_UNINITIALIZED_AUTOS = YES_AGGRESSIVE;
				GCC_WARN_UNUSED_FUNCTION = YES;
				GCC_WARN_UNUSED_VARIABLE = YES;
				IPHONEOS_DEPLOYMENT_TARGET = 7.1;
				ONLY_ACTIVE_ARCH = YES;
				SDKROOT = iphoneos;
			};
			name = Debug;
		};
		EFC3CB9318D2C2B50083ED73 /* Release */ = {
			isa = XCBuildConfiguration;
			buildSettings = {
				ALWAYS_SEARCH_USER_PATHS = NO;
				ARCHS = "$(ARCHS_STANDARD_INCLUDING_64_BIT)";
				CLANG_CXX_LANGUAGE_STANDARD = "gnu++0x";
				CLANG_CXX_LIBRARY = "libc++";
				CLANG_ENABLE_MODULES = YES;
				CLANG_ENABLE_OBJC_ARC = YES;
				CLANG_WARN_BOOL_CONVERSION = YES;
				CLANG_WARN_CONSTANT_CONVERSION = YES;
				CLANG_WARN_DIRECT_OBJC_ISA_USAGE = YES_ERROR;
				CLANG_WARN_EMPTY_BODY = YES;
				CLANG_WARN_ENUM_CONVERSION = YES;
				CLANG_WARN_INT_CONVERSION = YES;
				CLANG_WARN_OBJC_ROOT_CLASS = YES_ERROR;
				CLANG_WARN__DUPLICATE_METHOD_MATCH = YES;
				"CODE_SIGN_IDENTITY[sdk=iphoneos*]" = "iPhone Developer";
				COPY_PHASE_STRIP = YES;
				ENABLE_NS_ASSERTIONS = NO;
				GCC_C_LANGUAGE_STANDARD = gnu99;
				GCC_WARN_64_TO_32_BIT_CONVERSION = YES;
				GCC_WARN_ABOUT_RETURN_TYPE = YES_ERROR;
				GCC_WARN_UNDECLARED_SELECTOR = YES;
				GCC_WARN_UNINITIALIZED_AUTOS = YES_AGGRESSIVE;
				GCC_WARN_UNUSED_FUNCTION = YES;
				GCC_WARN_UNUSED_VARIABLE = YES;
				IPHONEOS_DEPLOYMENT_TARGET = 7.1;
				SDKROOT = iphoneos;
				VALIDATE_PRODUCT = YES;
			};
			name = Release;
		};
		EFC3CB9518D2C2B50083ED73 /* Debug */ = {
			isa = XCBuildConfiguration;
			buildSettings = {
				ASSETCATALOG_COMPILER_APPICON_NAME = AppIcon;
				ASSETCATALOG_COMPILER_LAUNCHIMAGE_NAME = LaunchImage;
				GCC_PRECOMPILE_PREFIX_HEADER = YES;
				GCC_PREFIX_HEADER = "NameGenerator/NameGenerator-Prefix.pch";
				INFOPLIST_FILE = "NameGenerator/NameGenerator-Info.plist";
				PRODUCT_NAME = "$(TARGET_NAME)";
				WRAPPER_EXTENSION = app;
			};
			name = Debug;
		};
		EFC3CB9618D2C2B50083ED73 /* Release */ = {
			isa = XCBuildConfiguration;
			buildSettings = {
				ASSETCATALOG_COMPILER_APPICON_NAME = AppIcon;
				ASSETCATALOG_COMPILER_LAUNCHIMAGE_NAME = LaunchImage;
				GCC_PRECOMPILE_PREFIX_HEADER = YES;
				GCC_PREFIX_HEADER = "NameGenerator/NameGenerator-Prefix.pch";
				INFOPLIST_FILE = "NameGenerator/NameGenerator-Info.plist";
				PRODUCT_NAME = "$(TARGET_NAME)";
				WRAPPER_EXTENSION = app;
			};
			name = Release;
		};
		EFC3CB9818D2C2B50083ED73 /* Debug */ = {
			isa = XCBuildConfiguration;
			buildSettings = {
				ARCHS = "$(ARCHS_STANDARD_INCLUDING_64_BIT)";
				BUNDLE_LOADER = "$(BUILT_PRODUCTS_DIR)/NameGenerator.app/NameGenerator";
				FRAMEWORK_SEARCH_PATHS = (
					"$(SDKROOT)/Developer/Library/Frameworks",
					"$(inherited)",
					"$(DEVELOPER_FRAMEWORKS_DIR)",
				);
				GCC_PRECOMPILE_PREFIX_HEADER = YES;
				GCC_PREFIX_HEADER = "NameGenerator/NameGenerator-Prefix.pch";
				GCC_PREPROCESSOR_DEFINITIONS = (
					"DEBUG=1",
					"$(inherited)",
				);
				INFOPLIST_FILE = "NameGeneratorTests/NameGeneratorTests-Info.plist";
				PRODUCT_NAME = "$(TARGET_NAME)";
				TEST_HOST = "$(BUNDLE_LOADER)";
				WRAPPER_EXTENSION = xctest;
			};
			name = Debug;
		};
		EFC3CB9918D2C2B50083ED73 /* Release */ = {
			isa = XCBuildConfiguration;
			buildSettings = {
				ARCHS = "$(ARCHS_STANDARD_INCLUDING_64_BIT)";
				BUNDLE_LOADER = "$(BUILT_PRODUCTS_DIR)/NameGenerator.app/NameGenerator";
				FRAMEWORK_SEARCH_PATHS = (
					"$(SDKROOT)/Developer/Library/Frameworks",
					"$(inherited)",
					"$(DEVELOPER_FRAMEWORKS_DIR)",
				);
				GCC_PRECOMPILE_PREFIX_HEADER = YES;
				GCC_PREFIX_HEADER = "NameGenerator/NameGenerator-Prefix.pch";
				INFOPLIST_FILE = "NameGeneratorTests/NameGeneratorTests-Info.plist";
				PRODUCT_NAME = "$(TARGET_NAME)";
				TEST_HOST = "$(BUNDLE_LOADER)";
				WRAPPER_EXTENSION = xctest;
			};
			name = Release;
		};
/* End XCBuildConfiguration section */

/* Begin XCConfigurationList section */
		EFC3CB5D18D2C2B50083ED73 /* Build configuration list for PBXProject "NameGenerator" */ = {
			isa = XCConfigurationList;
			buildConfigurations = (
				EFC3CB9218D2C2B50083ED73 /* Debug */,
				EFC3CB9318D2C2B50083ED73 /* Release */,
			);
			defaultConfigurationIsVisible = 0;
			defaultConfigurationName = Release;
		};
		EFC3CB9418D2C2B50083ED73 /* Build configuration list for PBXNativeTarget "NameGenerator" */ = {
			isa = XCConfigurationList;
			buildConfigurations = (
				EFC3CB9518D2C2B50083ED73 /* Debug */,
				EFC3CB9618D2C2B50083ED73 /* Release */,
			);
			defaultConfigurationIsVisible = 0;
			defaultConfigurationName = Release;
		};
		EFC3CB9718D2C2B50083ED73 /* Build configuration list for PBXNativeTarget "NameGeneratorTests" */ = {
			isa = XCConfigurationList;
			buildConfigurations = (
				EFC3CB9818D2C2B50083ED73 /* Debug */,
				EFC3CB9918D2C2B50083ED73 /* Release */,
			);
			defaultConfigurationIsVisible = 0;
			defaultConfigurationName = Release;
		};
/* End XCConfigurationList section */
	};
	rootObject = EFC3CB5A18D2C2B50083ED73 /* Project object */;
}
